// !$*UTF8*$!
{
	archiveVersion = 1;
	classes = {
	};
	objectVersion = 56;
	objects = {

/* Begin PBXBuildFile section */
		E24FBC442AB2CEA900E661B0 /* OrganizationManager.swift in Sources */ = {isa = PBXBuildFile; fileRef = E24FBC432AB2CEA900E661B0 /* OrganizationManager.swift */; };
		E24FBC462AB2D11800E661B0 /* ListView.swift in Sources */ = {isa = PBXBuildFile; fileRef = E24FBC452AB2D11800E661B0 /* ListView.swift */; };
		E2825B752AB027A7006EF669 /* CareInvoiceApp.swift in Sources */ = {isa = PBXBuildFile; fileRef = E2825B742AB027A7006EF669 /* CareInvoiceApp.swift */; };
		E2825B772AB027A7006EF669 /* ContentView.swift in Sources */ = {isa = PBXBuildFile; fileRef = E2825B762AB027A7006EF669 /* ContentView.swift */; };
		E2825B792AB027A8006EF669 /* Assets.xcassets in Resources */ = {isa = PBXBuildFile; fileRef = E2825B782AB027A8006EF669 /* Assets.xcassets */; };
		E2825B7C2AB027A8006EF669 /* Preview Assets.xcassets in Resources */ = {isa = PBXBuildFile; fileRef = E2825B7B2AB027A8006EF669 /* Preview Assets.xcassets */; };
		E2825B852AB02A64006EF669 /* SuperAdminHomeView.swift in Sources */ = {isa = PBXBuildFile; fileRef = E2825B842AB02A64006EF669 /* SuperAdminHomeView.swift */; };
		E2825B872AB02A8A006EF669 /* OnboardingView.swift in Sources */ = {isa = PBXBuildFile; fileRef = E2825B862AB02A8A006EF669 /* OnboardingView.swift */; };
		E2825B8A2AB03224006EF669 /* Cairo-Regular.ttf in Resources */ = {isa = PBXBuildFile; fileRef = E2825B892AB03224006EF669 /* Cairo-Regular.ttf */; };
		E2825B8E2AB0657C006EF669 /* OrganizationModel.swift in Sources */ = {isa = PBXBuildFile; fileRef = E2825B8D2AB0657C006EF669 /* OrganizationModel.swift */; };
		E2825B932AB07965006EF669 /* Constants.swift in Sources */ = {isa = PBXBuildFile; fileRef = E2825B922AB07965006EF669 /* Constants.swift */; };
		E2825B952AB07B82006EF669 /* HospitalModel.swift in Sources */ = {isa = PBXBuildFile; fileRef = E2825B942AB07B82006EF669 /* HospitalModel.swift */; };
		E29812642AB6B4B400117451 /* FormTextFieldView.swift in Sources */ = {isa = PBXBuildFile; fileRef = E29812632AB6B4B400117451 /* FormTextFieldView.swift */; };
		E2A19A052AB7048C00474973 /* OrgAdminModel.swift in Sources */ = {isa = PBXBuildFile; fileRef = E2A19A042AB7048C00474973 /* OrgAdminModel.swift */; };
		E2A19A072AB70B8C00474973 /* UITEST.swift in Sources */ = {isa = PBXBuildFile; fileRef = E2A19A062AB70B8C00474973 /* UITEST.swift */; };
		E2A19A092AB70F2400474973 /* AdminFormView.swift in Sources */ = {isa = PBXBuildFile; fileRef = E2A19A082AB70F2400474973 /* AdminFormView.swift */; };
		E2E6DF612AB172C900707BEE /* CellView.swift in Sources */ = {isa = PBXBuildFile; fileRef = E2E6DF602AB172C900707BEE /* CellView.swift */; };
		E2E6DF672AB1940200707BEE /* ChamberModel.swift in Sources */ = {isa = PBXBuildFile; fileRef = E2E6DF662AB1940200707BEE /* ChamberModel.swift */; };
		E2E6DF6B2AB19F4D00707BEE /* OrganizationDetailView.swift in Sources */ = {isa = PBXBuildFile; fileRef = E2E6DF6A2AB19F4D00707BEE /* OrganizationDetailView.swift */; };
		E2E6DF6D2AB1BC5300707BEE /* OrganizationFormView.swift in Sources */ = {isa = PBXBuildFile; fileRef = E2E6DF6C2AB1BC5300707BEE /* OrganizationFormView.swift */; };
		E2E9AA4A2AB8433300BC3969 /* LoginService.swift in Sources */ = {isa = PBXBuildFile; fileRef = E2E9AA492AB8433300BC3969 /* LoginService.swift */; };
/* End PBXBuildFile section */

/* Begin PBXFileReference section */
		E24FBC432AB2CEA900E661B0 /* OrganizationManager.swift */ = {isa = PBXFileReference; lastKnownFileType = sourcecode.swift; path = OrganizationManager.swift; sourceTree = "<group>"; };
		E24FBC452AB2D11800E661B0 /* ListView.swift */ = {isa = PBXFileReference; lastKnownFileType = sourcecode.swift; path = ListView.swift; sourceTree = "<group>"; };
		E2825B712AB027A7006EF669 /* CareInvoice.app */ = {isa = PBXFileReference; explicitFileType = wrapper.application; includeInIndex = 0; path = CareInvoice.app; sourceTree = BUILT_PRODUCTS_DIR; };
		E2825B742AB027A7006EF669 /* CareInvoiceApp.swift */ = {isa = PBXFileReference; lastKnownFileType = sourcecode.swift; path = CareInvoiceApp.swift; sourceTree = "<group>"; };
		E2825B762AB027A7006EF669 /* ContentView.swift */ = {isa = PBXFileReference; lastKnownFileType = sourcecode.swift; path = ContentView.swift; sourceTree = "<group>"; };
		E2825B782AB027A8006EF669 /* Assets.xcassets */ = {isa = PBXFileReference; lastKnownFileType = folder.assetcatalog; path = Assets.xcassets; sourceTree = "<group>"; };
		E2825B7B2AB027A8006EF669 /* Preview Assets.xcassets */ = {isa = PBXFileReference; lastKnownFileType = folder.assetcatalog; path = "Preview Assets.xcassets"; sourceTree = "<group>"; };
		E2825B842AB02A64006EF669 /* SuperAdminHomeView.swift */ = {isa = PBXFileReference; lastKnownFileType = sourcecode.swift; path = SuperAdminHomeView.swift; sourceTree = "<group>"; };
		E2825B862AB02A8A006EF669 /* OnboardingView.swift */ = {isa = PBXFileReference; lastKnownFileType = sourcecode.swift; path = OnboardingView.swift; sourceTree = "<group>"; };
		E2825B892AB03224006EF669 /* Cairo-Regular.ttf */ = {isa = PBXFileReference; lastKnownFileType = file; path = "Cairo-Regular.ttf"; sourceTree = "<group>"; };
		E2825B8B2AB03259006EF669 /* Info.plist */ = {isa = PBXFileReference; lastKnownFileType = text.plist; path = Info.plist; sourceTree = "<group>"; };
		E2825B8D2AB0657C006EF669 /* OrganizationModel.swift */ = {isa = PBXFileReference; lastKnownFileType = sourcecode.swift; path = OrganizationModel.swift; sourceTree = "<group>"; };
		E2825B922AB07965006EF669 /* Constants.swift */ = {isa = PBXFileReference; lastKnownFileType = sourcecode.swift; path = Constants.swift; sourceTree = "<group>"; };
		E2825B942AB07B82006EF669 /* HospitalModel.swift */ = {isa = PBXFileReference; lastKnownFileType = sourcecode.swift; path = HospitalModel.swift; sourceTree = "<group>"; };
		E29812632AB6B4B400117451 /* FormTextFieldView.swift */ = {isa = PBXFileReference; lastKnownFileType = sourcecode.swift; path = FormTextFieldView.swift; sourceTree = "<group>"; };
		E2A19A042AB7048C00474973 /* OrgAdminModel.swift */ = {isa = PBXFileReference; lastKnownFileType = sourcecode.swift; path = OrgAdminModel.swift; sourceTree = "<group>"; };
		E2A19A062AB70B8C00474973 /* UITEST.swift */ = {isa = PBXFileReference; lastKnownFileType = sourcecode.swift; path = UITEST.swift; sourceTree = "<group>"; };
		E2A19A082AB70F2400474973 /* AdminFormView.swift */ = {isa = PBXFileReference; lastKnownFileType = sourcecode.swift; path = AdminFormView.swift; sourceTree = "<group>"; };
		E2E6DF602AB172C900707BEE /* CellView.swift */ = {isa = PBXFileReference; lastKnownFileType = sourcecode.swift; path = CellView.swift; sourceTree = "<group>"; };
		E2E6DF662AB1940200707BEE /* ChamberModel.swift */ = {isa = PBXFileReference; lastKnownFileType = sourcecode.swift; path = ChamberModel.swift; sourceTree = "<group>"; };
		E2E6DF6A2AB19F4D00707BEE /* OrganizationDetailView.swift */ = {isa = PBXFileReference; lastKnownFileType = sourcecode.swift; path = OrganizationDetailView.swift; sourceTree = "<group>"; };
		E2E6DF6C2AB1BC5300707BEE /* OrganizationFormView.swift */ = {isa = PBXFileReference; lastKnownFileType = sourcecode.swift; path = OrganizationFormView.swift; sourceTree = "<group>"; };
		E2E9AA492AB8433300BC3969 /* LoginService.swift */ = {isa = PBXFileReference; lastKnownFileType = sourcecode.swift; path = LoginService.swift; sourceTree = "<group>"; };
/* End PBXFileReference section */

/* Begin PBXFrameworksBuildPhase section */
		E2825B6E2AB027A7006EF669 /* Frameworks */ = {
			isa = PBXFrameworksBuildPhase;
			buildActionMask = 2147483647;
			files = (
			);
			runOnlyForDeploymentPostprocessing = 0;
		};
/* End PBXFrameworksBuildPhase section */

/* Begin PBXGroup section */
		E2825B682AB027A7006EF669 = {
			isa = PBXGroup;
			children = (
				E2825B732AB027A7006EF669 /* CareInvoice */,
				E2825B722AB027A7006EF669 /* Products */,
			);
			sourceTree = "<group>";
		};
		E2825B722AB027A7006EF669 /* Products */ = {
			isa = PBXGroup;
			children = (
				E2825B712AB027A7006EF669 /* CareInvoice.app */,
			);
			name = Products;
			sourceTree = "<group>";
		};
		E2825B732AB027A7006EF669 /* CareInvoice */ = {
			isa = PBXGroup;
			children = (
				E2825B8F2AB07323006EF669 /* Network */,
				E2825B8C2AB06548006EF669 /* Model */,
				E2825B8B2AB03259006EF669 /* Info.plist */,
				E2825B882AB03124006EF669 /* Fonts */,
				E2825B832AB029E1006EF669 /* View */,
				E2825B822AB029D0006EF669 /* App */,
				E2825B782AB027A8006EF669 /* Assets.xcassets */,
				E2825B7A2AB027A8006EF669 /* Preview Content */,
				E2825B922AB07965006EF669 /* Constants.swift */,
			);
			path = CareInvoice;
			sourceTree = "<group>";
		};
		E2825B7A2AB027A8006EF669 /* Preview Content */ = {
			isa = PBXGroup;
			children = (
				E2825B7B2AB027A8006EF669 /* Preview Assets.xcassets */,
			);
			path = "Preview Content";
			sourceTree = "<group>";
		};
		E2825B822AB029D0006EF669 /* App */ = {
			isa = PBXGroup;
			children = (
				E2825B742AB027A7006EF669 /* CareInvoiceApp.swift */,
				E2825B762AB027A7006EF669 /* ContentView.swift */,
				E2825B842AB02A64006EF669 /* SuperAdminHomeView.swift */,
				E2825B862AB02A8A006EF669 /* OnboardingView.swift */,
				E2E6DF6A2AB19F4D00707BEE /* OrganizationDetailView.swift */,
				E2E6DF6C2AB1BC5300707BEE /* OrganizationFormView.swift */,
				E2A19A082AB70F2400474973 /* AdminFormView.swift */,
			);
			path = App;
			sourceTree = "<group>";
		};
		E2825B832AB029E1006EF669 /* View */ = {
			isa = PBXGroup;
			children = (
				E2E6DF602AB172C900707BEE /* CellView.swift */,
				E24FBC452AB2D11800E661B0 /* ListView.swift */,
				E29812632AB6B4B400117451 /* FormTextFieldView.swift */,
				E2A19A062AB70B8C00474973 /* UITEST.swift */,
			);
			path = View;
			sourceTree = "<group>";
		};
		E2825B882AB03124006EF669 /* Fonts */ = {
			isa = PBXGroup;
			children = (
				E2825B892AB03224006EF669 /* Cairo-Regular.ttf */,
			);
			path = Fonts;
			sourceTree = "<group>";
		};
		E2825B8C2AB06548006EF669 /* Model */ = {
			isa = PBXGroup;
			children = (
				E2825B8D2AB0657C006EF669 /* OrganizationModel.swift */,
				E2825B942AB07B82006EF669 /* HospitalModel.swift */,
				E2E6DF662AB1940200707BEE /* ChamberModel.swift */,
				E2A19A042AB7048C00474973 /* OrgAdminModel.swift */,
			);
			path = Model;
			sourceTree = "<group>";
		};
		E2825B8F2AB07323006EF669 /* Network */ = {
			isa = PBXGroup;
			children = (
				E24FBC432AB2CEA900E661B0 /* OrganizationManager.swift */,
				E2E9AA492AB8433300BC3969 /* LoginService.swift */,
			);
			path = Network;
			sourceTree = "<group>";
		};
/* End PBXGroup section */

/* Begin PBXNativeTarget section */
		E2825B702AB027A7006EF669 /* CareInvoice */ = {
			isa = PBXNativeTarget;
			buildConfigurationList = E2825B7F2AB027A8006EF669 /* Build configuration list for PBXNativeTarget "CareInvoice" */;
			buildPhases = (
				E2825B6D2AB027A7006EF669 /* Sources */,
				E2825B6E2AB027A7006EF669 /* Frameworks */,
				E2825B6F2AB027A7006EF669 /* Resources */,
			);
			buildRules = (
			);
			dependencies = (
			);
			name = CareInvoice;
			productName = CareInvoice;
			productReference = E2825B712AB027A7006EF669 /* CareInvoice.app */;
			productType = "com.apple.product-type.application";
		};
/* End PBXNativeTarget section */

/* Begin PBXProject section */
		E2825B692AB027A7006EF669 /* Project object */ = {
			isa = PBXProject;
			attributes = {
				BuildIndependentTargetsInParallel = 1;
				LastSwiftUpdateCheck = 1430;
				LastUpgradeCheck = 1430;
				TargetAttributes = {
					E2825B702AB027A7006EF669 = {
						CreatedOnToolsVersion = 14.3.1;
					};
				};
			};
			buildConfigurationList = E2825B6C2AB027A7006EF669 /* Build configuration list for PBXProject "CareInvoice" */;
			compatibilityVersion = "Xcode 14.0";
			developmentRegion = en;
			hasScannedForEncodings = 0;
			knownRegions = (
				en,
				Base,
			);
			mainGroup = E2825B682AB027A7006EF669;
			productRefGroup = E2825B722AB027A7006EF669 /* Products */;
			projectDirPath = "";
			projectRoot = "";
			targets = (
				E2825B702AB027A7006EF669 /* CareInvoice */,
			);
		};
/* End PBXProject section */

/* Begin PBXResourcesBuildPhase section */
		E2825B6F2AB027A7006EF669 /* Resources */ = {
			isa = PBXResourcesBuildPhase;
			buildActionMask = 2147483647;
			files = (
				E2825B8A2AB03224006EF669 /* Cairo-Regular.ttf in Resources */,
				E2825B7C2AB027A8006EF669 /* Preview Assets.xcassets in Resources */,
				E2825B792AB027A8006EF669 /* Assets.xcassets in Resources */,
			);
			runOnlyForDeploymentPostprocessing = 0;
		};
/* End PBXResourcesBuildPhase section */

/* Begin PBXSourcesBuildPhase section */
		E2825B6D2AB027A7006EF669 /* Sources */ = {
			isa = PBXSourcesBuildPhase;
			buildActionMask = 2147483647;
			files = (
				E2E6DF6B2AB19F4D00707BEE /* OrganizationDetailView.swift in Sources */,
				E2825B772AB027A7006EF669 /* ContentView.swift in Sources */,
				E2E6DF612AB172C900707BEE /* CellView.swift in Sources */,
				E24FBC462AB2D11800E661B0 /* ListView.swift in Sources */,
				E2A19A092AB70F2400474973 /* AdminFormView.swift in Sources */,
				E2825B8E2AB0657C006EF669 /* OrganizationModel.swift in Sources */,
				E2A19A072AB70B8C00474973 /* UITEST.swift in Sources */,
				E2A19A052AB7048C00474973 /* OrgAdminModel.swift in Sources */,
				E24FBC442AB2CEA900E661B0 /* OrganizationManager.swift in Sources */,
				E2825B872AB02A8A006EF669 /* OnboardingView.swift in Sources */,
				E2825B952AB07B82006EF669 /* HospitalModel.swift in Sources */,
				E2E6DF672AB1940200707BEE /* ChamberModel.swift in Sources */,
				E2E6DF6D2AB1BC5300707BEE /* OrganizationFormView.swift in Sources */,
				E2E9AA4A2AB8433300BC3969 /* LoginService.swift in Sources */,
				E2825B932AB07965006EF669 /* Constants.swift in Sources */,
				E2825B752AB027A7006EF669 /* CareInvoiceApp.swift in Sources */,
				E29812642AB6B4B400117451 /* FormTextFieldView.swift in Sources */,
				E2825B852AB02A64006EF669 /* SuperAdminHomeView.swift in Sources */,
			);
			runOnlyForDeploymentPostprocessing = 0;
		};
/* End PBXSourcesBuildPhase section */

/* Begin XCBuildConfiguration section */
		E2825B7D2AB027A8006EF669 /* Debug */ = {
			isa = XCBuildConfiguration;
			buildSettings = {
				ALWAYS_SEARCH_USER_PATHS = NO;
				CLANG_ANALYZER_NONNULL = YES;
				CLANG_ANALYZER_NUMBER_OBJECT_CONVERSION = YES_AGGRESSIVE;
				CLANG_CXX_LANGUAGE_STANDARD = "gnu++20";
				CLANG_ENABLE_MODULES = YES;
				CLANG_ENABLE_OBJC_ARC = YES;
				CLANG_ENABLE_OBJC_WEAK = YES;
				CLANG_WARN_BLOCK_CAPTURE_AUTORELEASING = YES;
				CLANG_WARN_BOOL_CONVERSION = YES;
				CLANG_WARN_COMMA = YES;
				CLANG_WARN_CONSTANT_CONVERSION = YES;
				CLANG_WARN_DEPRECATED_OBJC_IMPLEMENTATIONS = YES;
				CLANG_WARN_DIRECT_OBJC_ISA_USAGE = YES_ERROR;
				CLANG_WARN_DOCUMENTATION_COMMENTS = YES;
				CLANG_WARN_EMPTY_BODY = YES;
				CLANG_WARN_ENUM_CONVERSION = YES;
				CLANG_WARN_INFINITE_RECURSION = YES;
				CLANG_WARN_INT_CONVERSION = YES;
				CLANG_WARN_NON_LITERAL_NULL_CONVERSION = YES;
				CLANG_WARN_OBJC_IMPLICIT_RETAIN_SELF = YES;
				CLANG_WARN_OBJC_LITERAL_CONVERSION = YES;
				CLANG_WARN_OBJC_ROOT_CLASS = YES_ERROR;
				CLANG_WARN_QUOTED_INCLUDE_IN_FRAMEWORK_HEADER = YES;
				CLANG_WARN_RANGE_LOOP_ANALYSIS = YES;
				CLANG_WARN_STRICT_PROTOTYPES = YES;
				CLANG_WARN_SUSPICIOUS_MOVE = YES;
				CLANG_WARN_UNGUARDED_AVAILABILITY = YES_AGGRESSIVE;
				CLANG_WARN_UNREACHABLE_CODE = YES;
				CLANG_WARN__DUPLICATE_METHOD_MATCH = YES;
				COPY_PHASE_STRIP = NO;
				DEBUG_INFORMATION_FORMAT = dwarf;
				ENABLE_STRICT_OBJC_MSGSEND = YES;
				ENABLE_TESTABILITY = YES;
				GCC_C_LANGUAGE_STANDARD = gnu11;
				GCC_DYNAMIC_NO_PIC = NO;
				GCC_NO_COMMON_BLOCKS = YES;
				GCC_OPTIMIZATION_LEVEL = 0;
				GCC_PREPROCESSOR_DEFINITIONS = (
					"DEBUG=1",
					"$(inherited)",
				);
				GCC_WARN_64_TO_32_BIT_CONVERSION = YES;
				GCC_WARN_ABOUT_RETURN_TYPE = YES_ERROR;
				GCC_WARN_UNDECLARED_SELECTOR = YES;
				GCC_WARN_UNINITIALIZED_AUTOS = YES_AGGRESSIVE;
				GCC_WARN_UNUSED_FUNCTION = YES;
				GCC_WARN_UNUSED_VARIABLE = YES;
				IPHONEOS_DEPLOYMENT_TARGET = 16.4;
				MTL_ENABLE_DEBUG_INFO = INCLUDE_SOURCE;
				MTL_FAST_MATH = YES;
				ONLY_ACTIVE_ARCH = YES;
				SDKROOT = iphoneos;
				SWIFT_ACTIVE_COMPILATION_CONDITIONS = DEBUG;
				SWIFT_OPTIMIZATION_LEVEL = "-Onone";
			};
			name = Debug;
		};
		E2825B7E2AB027A8006EF669 /* Release */ = {
			isa = XCBuildConfiguration;
			buildSettings = {
				ALWAYS_SEARCH_USER_PATHS = NO;
				CLANG_ANALYZER_NONNULL = YES;
				CLANG_ANALYZER_NUMBER_OBJECT_CONVERSION = YES_AGGRESSIVE;
				CLANG_CXX_LANGUAGE_STANDARD = "gnu++20";
				CLANG_ENABLE_MODULES = YES;
				CLANG_ENABLE_OBJC_ARC = YES;
				CLANG_ENABLE_OBJC_WEAK = YES;
				CLANG_WARN_BLOCK_CAPTURE_AUTORELEASING = YES;
				CLANG_WARN_BOOL_CONVERSION = YES;
				CLANG_WARN_COMMA = YES;
				CLANG_WARN_CONSTANT_CONVERSION = YES;
				CLANG_WARN_DEPRECATED_OBJC_IMPLEMENTATIONS = YES;
				CLANG_WARN_DIRECT_OBJC_ISA_USAGE = YES_ERROR;
				CLANG_WARN_DOCUMENTATION_COMMENTS = YES;
				CLANG_WARN_EMPTY_BODY = YES;
				CLANG_WARN_ENUM_CONVERSION = YES;
				CLANG_WARN_INFINITE_RECURSION = YES;
				CLANG_WARN_INT_CONVERSION = YES;
				CLANG_WARN_NON_LITERAL_NULL_CONVERSION = YES;
				CLANG_WARN_OBJC_IMPLICIT_RETAIN_SELF = YES;
				CLANG_WARN_OBJC_LITERAL_CONVERSION = YES;
				CLANG_WARN_OBJC_ROOT_CLASS = YES_ERROR;
				CLANG_WARN_QUOTED_INCLUDE_IN_FRAMEWORK_HEADER = YES;
				CLANG_WARN_RANGE_LOOP_ANALYSIS = YES;
				CLANG_WARN_STRICT_PROTOTYPES = YES;
				CLANG_WARN_SUSPICIOUS_MOVE = YES;
				CLANG_WARN_UNGUARDED_AVAILABILITY = YES_AGGRESSIVE;
				CLANG_WARN_UNREACHABLE_CODE = YES;
				CLANG_WARN__DUPLICATE_METHOD_MATCH = YES;
				COPY_PHASE_STRIP = NO;
				DEBUG_INFORMATION_FORMAT = "dwarf-with-dsym";
				ENABLE_NS_ASSERTIONS = NO;
				ENABLE_STRICT_OBJC_MSGSEND = YES;
				GCC_C_LANGUAGE_STANDARD = gnu11;
				GCC_NO_COMMON_BLOCKS = YES;
				GCC_WARN_64_TO_32_BIT_CONVERSION = YES;
				GCC_WARN_ABOUT_RETURN_TYPE = YES_ERROR;
				GCC_WARN_UNDECLARED_SELECTOR = YES;
				GCC_WARN_UNINITIALIZED_AUTOS = YES_AGGRESSIVE;
				GCC_WARN_UNUSED_FUNCTION = YES;
				GCC_WARN_UNUSED_VARIABLE = YES;
				IPHONEOS_DEPLOYMENT_TARGET = 16.4;
				MTL_ENABLE_DEBUG_INFO = NO;
				MTL_FAST_MATH = YES;
				SDKROOT = iphoneos;
				SWIFT_COMPILATION_MODE = wholemodule;
				SWIFT_OPTIMIZATION_LEVEL = "-O";
				VALIDATE_PRODUCT = YES;
			};
			name = Release;
		};
		E2825B802AB027A8006EF669 /* Debug */ = {
			isa = XCBuildConfiguration;
			buildSettings = {
				ASSETCATALOG_COMPILER_APPICON_NAME = AppIcon;
				ASSETCATALOG_COMPILER_GLOBAL_ACCENT_COLOR_NAME = AccentColor;
				CODE_SIGN_STYLE = Automatic;
				CURRENT_PROJECT_VERSION = 1;
				DEVELOPMENT_ASSET_PATHS = "\"CareInvoice/Preview Content\"";
				DEVELOPMENT_TEAM = 9T59MLF6NH;
				ENABLE_PREVIEWS = YES;
				GENERATE_INFOPLIST_FILE = YES;
				INFOPLIST_FILE = CareInvoice/Info.plist;
				INFOPLIST_KEY_UIApplicationSceneManifest_Generation = YES;
				INFOPLIST_KEY_UIApplicationSupportsIndirectInputEvents = YES;
				INFOPLIST_KEY_UILaunchScreen_Generation = YES;
				INFOPLIST_KEY_UISupportedInterfaceOrientations_iPad = "UIInterfaceOrientationPortrait UIInterfaceOrientationPortraitUpsideDown UIInterfaceOrientationLandscapeLeft UIInterfaceOrientationLandscapeRight";
				INFOPLIST_KEY_UISupportedInterfaceOrientations_iPhone = "UIInterfaceOrientationPortrait UIInterfaceOrientationLandscapeLeft UIInterfaceOrientationLandscapeRight";
				LD_RUNPATH_SEARCH_PATHS = (
					"$(inherited)",
					"@executable_path/Frameworks",
				);
				MARKETING_VERSION = 1.0;
				PRODUCT_BUNDLE_IDENTIFIER = com.sqh.CareInvoice;
				PRODUCT_NAME = "$(TARGET_NAME)";
				SWIFT_EMIT_LOC_STRINGS = YES;
				SWIFT_VERSION = 5.0;
				TARGETED_DEVICE_FAMILY = "1,2";
			};
			name = Debug;
		};
		E2825B812AB027A8006EF669 /* Release */ = {
			isa = XCBuildConfiguration;
			buildSettings = {
				ASSETCATALOG_COMPILER_APPICON_NAME = AppIcon;
				ASSETCATALOG_COMPILER_GLOBAL_ACCENT_COLOR_NAME = AccentColor;
				CODE_SIGN_STYLE = Automatic;
				CURRENT_PROJECT_VERSION = 1;
				DEVELOPMENT_ASSET_PATHS = "\"CareInvoice/Preview Content\"";
				DEVELOPMENT_TEAM = 9T59MLF6NH;
				ENABLE_PREVIEWS = YES;
				GENERATE_INFOPLIST_FILE = YES;
				INFOPLIST_FILE = CareInvoice/Info.plist;
				INFOPLIST_KEY_UIApplicationSceneManifest_Generation = YES;
				INFOPLIST_KEY_UIApplicationSupportsIndirectInputEvents = YES;
				INFOPLIST_KEY_UILaunchScreen_Generation = YES;
				INFOPLIST_KEY_UISupportedInterfaceOrientations_iPad = "UIInterfaceOrientationPortrait UIInterfaceOrientationPortraitUpsideDown UIInterfaceOrientationLandscapeLeft UIInterfaceOrientationLandscapeRight";
				INFOPLIST_KEY_UISupportedInterfaceOrientations_iPhone = "UIInterfaceOrientationPortrait UIInterfaceOrientationLandscapeLeft UIInterfaceOrientationLandscapeRight";
				LD_RUNPATH_SEARCH_PATHS = (
					"$(inherited)",
					"@executable_path/Frameworks",
				);
				MARKETING_VERSION = 1.0;
				PRODUCT_BUNDLE_IDENTIFIER = com.sqh.CareInvoice;
				PRODUCT_NAME = "$(TARGET_NAME)";
				SWIFT_EMIT_LOC_STRINGS = YES;
				SWIFT_VERSION = 5.0;
				TARGETED_DEVICE_FAMILY = "1,2";
			};
			name = Release;
		};
/* End XCBuildConfiguration section */

/* Begin XCConfigurationList section */
		E2825B6C2AB027A7006EF669 /* Build configuration list for PBXProject "CareInvoice" */ = {
			isa = XCConfigurationList;
			buildConfigurations = (
				E2825B7D2AB027A8006EF669 /* Debug */,
				E2825B7E2AB027A8006EF669 /* Release */,
			);
			defaultConfigurationIsVisible = 0;
			defaultConfigurationName = Release;
		};
		E2825B7F2AB027A8006EF669 /* Build configuration list for PBXNativeTarget "CareInvoice" */ = {
			isa = XCConfigurationList;
			buildConfigurations = (
				E2825B802AB027A8006EF669 /* Debug */,
				E2825B812AB027A8006EF669 /* Release */,
			);
			defaultConfigurationIsVisible = 0;
			defaultConfigurationName = Release;
		};
/* End XCConfigurationList section */
	};
	rootObject = E2825B692AB027A7006EF669 /* Project object */;
}
