// !$*UTF8*$!
{
	archiveVersion = 1;
	classes = {
	};
	objectVersion = 56;
	objects = {

/* Begin PBXBuildFile section */
		E21D88792AB9B9CA0068669E /* OrgAdminListView.swift in Sources */ = {isa = PBXBuildFile; fileRef = E21D88782AB9B9CA0068669E /* OrgAdminListView.swift */; };
		E23621422AC000B40047B2BC /* HospitalStaffView.swift in Sources */ = {isa = PBXBuildFile; fileRef = E23621412AC000B40047B2BC /* HospitalStaffView.swift */; };
		E23621442AC004B70047B2BC /* SpecialityCell.swift in Sources */ = {isa = PBXBuildFile; fileRef = E23621432AC004B70047B2BC /* SpecialityCell.swift */; };
		E245C84F2AC3EB3D00B22CDE /* DrugBillForm.swift in Sources */ = {isa = PBXBuildFile; fileRef = E245C84E2AC3EB3D00B22CDE /* DrugBillForm.swift */; };
		E245C8512AC3FDFE00B22CDE /* SearchedDrugCell.swift in Sources */ = {isa = PBXBuildFile; fileRef = E245C8502AC3FDFE00B22CDE /* SearchedDrugCell.swift */; };
		E245C8542AC4051800B22CDE /* DrugInvoiceView.swift in Sources */ = {isa = PBXBuildFile; fileRef = E245C8532AC4051800B22CDE /* DrugInvoiceView.swift */; };
		E245C8562AC406BF00B22CDE /* InvestigationInvoiceModel.swift in Sources */ = {isa = PBXBuildFile; fileRef = E245C8552AC406BF00B22CDE /* InvestigationInvoiceModel.swift */; };
		E245C8582AC4073800B22CDE /* DrugInvoiceModel.swift in Sources */ = {isa = PBXBuildFile; fileRef = E245C8572AC4073800B22CDE /* DrugInvoiceModel.swift */; };
		E245C85A2AC43BA400B22CDE /* PharmacyInvoiceList.swift in Sources */ = {isa = PBXBuildFile; fileRef = E245C8592AC43BA400B22CDE /* PharmacyInvoiceList.swift */; };
		E245C85C2AC44D5600B22CDE /* InvoiceCell.swift in Sources */ = {isa = PBXBuildFile; fileRef = E245C85B2AC44D5600B22CDE /* InvoiceCell.swift */; };
		E24FBC442AB2CEA900E661B0 /* OrganizationManager.swift in Sources */ = {isa = PBXBuildFile; fileRef = E24FBC432AB2CEA900E661B0 /* OrganizationManager.swift */; };
		E24FBC462AB2D11800E661B0 /* OrgListView.swift in Sources */ = {isa = PBXBuildFile; fileRef = E24FBC452AB2D11800E661B0 /* OrgListView.swift */; };
		E27736A32AC2E5FB009BC7CB /* PharmacyStaffView.swift in Sources */ = {isa = PBXBuildFile; fileRef = E27736A22AC2E5FB009BC7CB /* PharmacyStaffView.swift */; };
		E27736A52AC2E886009BC7CB /* DrugModel.swift in Sources */ = {isa = PBXBuildFile; fileRef = E27736A42AC2E886009BC7CB /* DrugModel.swift */; };
		E27736A72AC2E9C6009BC7CB /* PharmacyManager.swift in Sources */ = {isa = PBXBuildFile; fileRef = E27736A62AC2E9C6009BC7CB /* PharmacyManager.swift */; };
		E27736A92AC2EC8A009BC7CB /* DrugListView.swift in Sources */ = {isa = PBXBuildFile; fileRef = E27736A82AC2EC8A009BC7CB /* DrugListView.swift */; };
		E27736AB2AC2EF76009BC7CB /* DrugCell.swift in Sources */ = {isa = PBXBuildFile; fileRef = E27736AA2AC2EF76009BC7CB /* DrugCell.swift */; };
		E27736AD2AC2F8CA009BC7CB /* DrugDetailView.swift in Sources */ = {isa = PBXBuildFile; fileRef = E27736AC2AC2F8CA009BC7CB /* DrugDetailView.swift */; };
		E2825B752AB027A7006EF669 /* CareInvoiceApp.swift in Sources */ = {isa = PBXBuildFile; fileRef = E2825B742AB027A7006EF669 /* CareInvoiceApp.swift */; };
		E2825B772AB027A7006EF669 /* ContentView.swift in Sources */ = {isa = PBXBuildFile; fileRef = E2825B762AB027A7006EF669 /* ContentView.swift */; };
		E2825B792AB027A8006EF669 /* Assets.xcassets in Resources */ = {isa = PBXBuildFile; fileRef = E2825B782AB027A8006EF669 /* Assets.xcassets */; };
		E2825B7C2AB027A8006EF669 /* Preview Assets.xcassets in Resources */ = {isa = PBXBuildFile; fileRef = E2825B7B2AB027A8006EF669 /* Preview Assets.xcassets */; };
		E2825B852AB02A64006EF669 /* SuperAdminHomeView.swift in Sources */ = {isa = PBXBuildFile; fileRef = E2825B842AB02A64006EF669 /* SuperAdminHomeView.swift */; };
		E2825B872AB02A8A006EF669 /* OnboardingView.swift in Sources */ = {isa = PBXBuildFile; fileRef = E2825B862AB02A8A006EF669 /* OnboardingView.swift */; };
		E2825B8A2AB03224006EF669 /* Cairo-Regular.ttf in Resources */ = {isa = PBXBuildFile; fileRef = E2825B892AB03224006EF669 /* Cairo-Regular.ttf */; };
		E2825B8E2AB0657C006EF669 /* OrganizationModel.swift in Sources */ = {isa = PBXBuildFile; fileRef = E2825B8D2AB0657C006EF669 /* OrganizationModel.swift */; };
		E2825B932AB07965006EF669 /* Constants.swift in Sources */ = {isa = PBXBuildFile; fileRef = E2825B922AB07965006EF669 /* Constants.swift */; };
		E28AA12A2AC0079C009A2354 /* SpecialityListModel.swift in Sources */ = {isa = PBXBuildFile; fileRef = E28AA1292AC0079C009A2354 /* SpecialityListModel.swift */; };
		E28AA12C2AC00D0B009A2354 /* HospitalManager.swift in Sources */ = {isa = PBXBuildFile; fileRef = E28AA12B2AC00D0B009A2354 /* HospitalManager.swift */; };
		E28AA12E2AC00D73009A2354 /* SpecialityListView.swift in Sources */ = {isa = PBXBuildFile; fileRef = E28AA12D2AC00D73009A2354 /* SpecialityListView.swift */; };
		E28AA1302AC01633009A2354 /* RevenueView.swift in Sources */ = {isa = PBXBuildFile; fileRef = E28AA12F2AC01633009A2354 /* RevenueView.swift */; };
		E28AA1322AC02BF4009A2354 /* SpecialityDetailView.swift in Sources */ = {isa = PBXBuildFile; fileRef = E28AA1312AC02BF4009A2354 /* SpecialityDetailView.swift */; };
		E28AA1342AC02E4E009A2354 /* SpecialityDetailModel.swift in Sources */ = {isa = PBXBuildFile; fileRef = E28AA1332AC02E4E009A2354 /* SpecialityDetailModel.swift */; };
		E28AA1382AC037BF009A2354 /* DoctorListView.swift in Sources */ = {isa = PBXBuildFile; fileRef = E28AA1372AC037BF009A2354 /* DoctorListView.swift */; };
		E28AA13A2AC03A16009A2354 /* DoctorCell.swift in Sources */ = {isa = PBXBuildFile; fileRef = E28AA1392AC03A16009A2354 /* DoctorCell.swift */; };
		E28AA13C2AC04517009A2354 /* InvestigationListView.swift in Sources */ = {isa = PBXBuildFile; fileRef = E28AA13B2AC04517009A2354 /* InvestigationListView.swift */; };
		E28AA13E2AC04559009A2354 /* InvestigationCell.swift in Sources */ = {isa = PBXBuildFile; fileRef = E28AA13D2AC04559009A2354 /* InvestigationCell.swift */; };
		E28AA1402AC04630009A2354 /* ServiceModel.swift in Sources */ = {isa = PBXBuildFile; fileRef = E28AA13F2AC04630009A2354 /* ServiceModel.swift */; };
		E28AA1422AC04E0E009A2354 /* AdminListView.swift in Sources */ = {isa = PBXBuildFile; fileRef = E28AA1412AC04E0E009A2354 /* AdminListView.swift */; };
		E28AA1442AC04FB5009A2354 /* AdminModel.swift in Sources */ = {isa = PBXBuildFile; fileRef = E28AA1432AC04FB5009A2354 /* AdminModel.swift */; };
		E28AA1462AC0525D009A2354 /* AdminFormView.swift in Sources */ = {isa = PBXBuildFile; fileRef = E28AA1452AC0525D009A2354 /* AdminFormView.swift */; };
		E28AA1492AC05775009A2354 /* AppointmentFormView.swift in Sources */ = {isa = PBXBuildFile; fileRef = E28AA1482AC05775009A2354 /* AppointmentFormView.swift */; };
		E29812642AB6B4B400117451 /* FormTextFieldView.swift in Sources */ = {isa = PBXBuildFile; fileRef = E29812632AB6B4B400117451 /* FormTextFieldView.swift */; };
		E2A19A052AB7048C00474973 /* OrgAdminModel.swift in Sources */ = {isa = PBXBuildFile; fileRef = E2A19A042AB7048C00474973 /* OrgAdminModel.swift */; };
		E2A19A072AB70B8C00474973 /* UITEST.swift in Sources */ = {isa = PBXBuildFile; fileRef = E2A19A062AB70B8C00474973 /* UITEST.swift */; };
		E2A19A092AB70F2400474973 /* OrgAdminFormView.swift in Sources */ = {isa = PBXBuildFile; fileRef = E2A19A082AB70F2400474973 /* OrgAdminFormView.swift */; };
		E2A9FE0C2AC9399F00A57641 /* PharmacyAdminListView.swift in Sources */ = {isa = PBXBuildFile; fileRef = E2A9FE0B2AC9399F00A57641 /* PharmacyAdminListView.swift */; };
		E2A9FE0E2AC94B2500A57641 /* DiagnosticCenterManager.swift in Sources */ = {isa = PBXBuildFile; fileRef = E2A9FE0D2AC94B2500A57641 /* DiagnosticCenterManager.swift */; };
		E2A9FE102AC94BB200A57641 /* InvestigationModel.swift in Sources */ = {isa = PBXBuildFile; fileRef = E2A9FE0F2AC94BB200A57641 /* InvestigationModel.swift */; };
		E2A9FE122AC94DB500A57641 /* DiagnosticStaffView.swift in Sources */ = {isa = PBXBuildFile; fileRef = E2A9FE112AC94DB500A57641 /* DiagnosticStaffView.swift */; };
		E2C7D01A2ABAC6FA009F3288 /* SideMenuView.swift in Sources */ = {isa = PBXBuildFile; fileRef = E2C7D0192ABAC6FA009F3288 /* SideMenuView.swift */; };
		E2D71DB62AC12F61006FEDC2 /* DoctorFormView.swift in Sources */ = {isa = PBXBuildFile; fileRef = E2D71DB52AC12F61006FEDC2 /* DoctorFormView.swift */; };
		E2D71DB82AC14121006FEDC2 /* AddInvestigationForm.swift in Sources */ = {isa = PBXBuildFile; fileRef = E2D71DB72AC14121006FEDC2 /* AddInvestigationForm.swift */; };
		E2D71DBA2AC1437D006FEDC2 /* BookInvestigationForm.swift in Sources */ = {isa = PBXBuildFile; fileRef = E2D71DB92AC1437D006FEDC2 /* BookInvestigationForm.swift */; };
		E2D71DBC2AC186F6006FEDC2 /* InvestigationInvoiceView.swift in Sources */ = {isa = PBXBuildFile; fileRef = E2D71DBB2AC186F6006FEDC2 /* InvestigationInvoiceView.swift */; };
		E2E6DF612AB172C900707BEE /* CellView.swift in Sources */ = {isa = PBXBuildFile; fileRef = E2E6DF602AB172C900707BEE /* CellView.swift */; };
		E2E6DF6B2AB19F4D00707BEE /* OrganizationDetailView.swift in Sources */ = {isa = PBXBuildFile; fileRef = E2E6DF6A2AB19F4D00707BEE /* OrganizationDetailView.swift */; };
		E2E6DF6D2AB1BC5300707BEE /* OrganizationFormView.swift in Sources */ = {isa = PBXBuildFile; fileRef = E2E6DF6C2AB1BC5300707BEE /* OrganizationFormView.swift */; };
		E2E9AA4A2AB8433300BC3969 /* LoginService.swift in Sources */ = {isa = PBXBuildFile; fileRef = E2E9AA492AB8433300BC3969 /* LoginService.swift */; };
/* End PBXBuildFile section */

/* Begin PBXFileReference section */
		E21D88782AB9B9CA0068669E /* OrgAdminListView.swift */ = {isa = PBXFileReference; lastKnownFileType = sourcecode.swift; path = OrgAdminListView.swift; sourceTree = "<group>"; };
		E23621412AC000B40047B2BC /* HospitalStaffView.swift */ = {isa = PBXFileReference; lastKnownFileType = sourcecode.swift; path = HospitalStaffView.swift; sourceTree = "<group>"; };
		E23621432AC004B70047B2BC /* SpecialityCell.swift */ = {isa = PBXFileReference; lastKnownFileType = sourcecode.swift; path = SpecialityCell.swift; sourceTree = "<group>"; };
		E245C84E2AC3EB3D00B22CDE /* DrugBillForm.swift */ = {isa = PBXFileReference; lastKnownFileType = sourcecode.swift; path = DrugBillForm.swift; sourceTree = "<group>"; };
		E245C8502AC3FDFE00B22CDE /* SearchedDrugCell.swift */ = {isa = PBXFileReference; lastKnownFileType = sourcecode.swift; path = SearchedDrugCell.swift; sourceTree = "<group>"; };
		E245C8532AC4051800B22CDE /* DrugInvoiceView.swift */ = {isa = PBXFileReference; lastKnownFileType = sourcecode.swift; path = DrugInvoiceView.swift; sourceTree = "<group>"; };
		E245C8552AC406BF00B22CDE /* InvestigationInvoiceModel.swift */ = {isa = PBXFileReference; lastKnownFileType = sourcecode.swift; path = InvestigationInvoiceModel.swift; sourceTree = "<group>"; };
		E245C8572AC4073800B22CDE /* DrugInvoiceModel.swift */ = {isa = PBXFileReference; lastKnownFileType = sourcecode.swift; path = DrugInvoiceModel.swift; sourceTree = "<group>"; };
		E245C8592AC43BA400B22CDE /* PharmacyInvoiceList.swift */ = {isa = PBXFileReference; lastKnownFileType = sourcecode.swift; path = PharmacyInvoiceList.swift; sourceTree = "<group>"; };
		E245C85B2AC44D5600B22CDE /* InvoiceCell.swift */ = {isa = PBXFileReference; lastKnownFileType = sourcecode.swift; path = InvoiceCell.swift; sourceTree = "<group>"; };
		E24FBC432AB2CEA900E661B0 /* OrganizationManager.swift */ = {isa = PBXFileReference; lastKnownFileType = sourcecode.swift; path = OrganizationManager.swift; sourceTree = "<group>"; };
		E24FBC452AB2D11800E661B0 /* OrgListView.swift */ = {isa = PBXFileReference; lastKnownFileType = sourcecode.swift; path = OrgListView.swift; sourceTree = "<group>"; };
		E27736A22AC2E5FB009BC7CB /* PharmacyStaffView.swift */ = {isa = PBXFileReference; lastKnownFileType = sourcecode.swift; path = PharmacyStaffView.swift; sourceTree = "<group>"; };
		E27736A42AC2E886009BC7CB /* DrugModel.swift */ = {isa = PBXFileReference; lastKnownFileType = sourcecode.swift; path = DrugModel.swift; sourceTree = "<group>"; };
		E27736A62AC2E9C6009BC7CB /* PharmacyManager.swift */ = {isa = PBXFileReference; lastKnownFileType = sourcecode.swift; path = PharmacyManager.swift; sourceTree = "<group>"; };
		E27736A82AC2EC8A009BC7CB /* DrugListView.swift */ = {isa = PBXFileReference; lastKnownFileType = sourcecode.swift; path = DrugListView.swift; sourceTree = "<group>"; };
		E27736AA2AC2EF76009BC7CB /* DrugCell.swift */ = {isa = PBXFileReference; lastKnownFileType = sourcecode.swift; path = DrugCell.swift; sourceTree = "<group>"; };
		E27736AC2AC2F8CA009BC7CB /* DrugDetailView.swift */ = {isa = PBXFileReference; lastKnownFileType = sourcecode.swift; path = DrugDetailView.swift; sourceTree = "<group>"; };
		E2825B712AB027A7006EF669 /* CareInvoice.app */ = {isa = PBXFileReference; explicitFileType = wrapper.application; includeInIndex = 0; path = CareInvoice.app; sourceTree = BUILT_PRODUCTS_DIR; };
		E2825B742AB027A7006EF669 /* CareInvoiceApp.swift */ = {isa = PBXFileReference; lastKnownFileType = sourcecode.swift; path = CareInvoiceApp.swift; sourceTree = "<group>"; };
		E2825B762AB027A7006EF669 /* ContentView.swift */ = {isa = PBXFileReference; lastKnownFileType = sourcecode.swift; path = ContentView.swift; sourceTree = "<group>"; };
		E2825B782AB027A8006EF669 /* Assets.xcassets */ = {isa = PBXFileReference; lastKnownFileType = folder.assetcatalog; path = Assets.xcassets; sourceTree = "<group>"; };
		E2825B7B2AB027A8006EF669 /* Preview Assets.xcassets */ = {isa = PBXFileReference; lastKnownFileType = folder.assetcatalog; path = "Preview Assets.xcassets"; sourceTree = "<group>"; };
		E2825B842AB02A64006EF669 /* SuperAdminHomeView.swift */ = {isa = PBXFileReference; lastKnownFileType = sourcecode.swift; path = SuperAdminHomeView.swift; sourceTree = "<group>"; };
		E2825B862AB02A8A006EF669 /* OnboardingView.swift */ = {isa = PBXFileReference; lastKnownFileType = sourcecode.swift; path = OnboardingView.swift; sourceTree = "<group>"; };
		E2825B892AB03224006EF669 /* Cairo-Regular.ttf */ = {isa = PBXFileReference; lastKnownFileType = file; path = "Cairo-Regular.ttf"; sourceTree = "<group>"; };
		E2825B8B2AB03259006EF669 /* Info.plist */ = {isa = PBXFileReference; lastKnownFileType = text.plist; path = Info.plist; sourceTree = "<group>"; };
		E2825B8D2AB0657C006EF669 /* OrganizationModel.swift */ = {isa = PBXFileReference; lastKnownFileType = sourcecode.swift; path = OrganizationModel.swift; sourceTree = "<group>"; };
		E2825B922AB07965006EF669 /* Constants.swift */ = {isa = PBXFileReference; lastKnownFileType = sourcecode.swift; path = Constants.swift; sourceTree = "<group>"; };
		E28AA1292AC0079C009A2354 /* SpecialityListModel.swift */ = {isa = PBXFileReference; lastKnownFileType = sourcecode.swift; path = SpecialityListModel.swift; sourceTree = "<group>"; };
		E28AA12B2AC00D0B009A2354 /* HospitalManager.swift */ = {isa = PBXFileReference; lastKnownFileType = sourcecode.swift; path = HospitalManager.swift; sourceTree = "<group>"; };
		E28AA12D2AC00D73009A2354 /* SpecialityListView.swift */ = {isa = PBXFileReference; lastKnownFileType = sourcecode.swift; path = SpecialityListView.swift; sourceTree = "<group>"; };
		E28AA12F2AC01633009A2354 /* RevenueView.swift */ = {isa = PBXFileReference; lastKnownFileType = sourcecode.swift; path = RevenueView.swift; sourceTree = "<group>"; };
		E28AA1312AC02BF4009A2354 /* SpecialityDetailView.swift */ = {isa = PBXFileReference; lastKnownFileType = sourcecode.swift; path = SpecialityDetailView.swift; sourceTree = "<group>"; };
		E28AA1332AC02E4E009A2354 /* SpecialityDetailModel.swift */ = {isa = PBXFileReference; lastKnownFileType = sourcecode.swift; path = SpecialityDetailModel.swift; sourceTree = "<group>"; };
		E28AA1372AC037BF009A2354 /* DoctorListView.swift */ = {isa = PBXFileReference; lastKnownFileType = sourcecode.swift; path = DoctorListView.swift; sourceTree = "<group>"; };
		E28AA1392AC03A16009A2354 /* DoctorCell.swift */ = {isa = PBXFileReference; lastKnownFileType = sourcecode.swift; path = DoctorCell.swift; sourceTree = "<group>"; };
		E28AA13B2AC04517009A2354 /* InvestigationListView.swift */ = {isa = PBXFileReference; lastKnownFileType = sourcecode.swift; path = InvestigationListView.swift; sourceTree = "<group>"; };
		E28AA13D2AC04559009A2354 /* InvestigationCell.swift */ = {isa = PBXFileReference; lastKnownFileType = sourcecode.swift; path = InvestigationCell.swift; sourceTree = "<group>"; };
		E28AA13F2AC04630009A2354 /* ServiceModel.swift */ = {isa = PBXFileReference; lastKnownFileType = sourcecode.swift; path = ServiceModel.swift; sourceTree = "<group>"; };
		E28AA1412AC04E0E009A2354 /* AdminListView.swift */ = {isa = PBXFileReference; lastKnownFileType = sourcecode.swift; path = AdminListView.swift; sourceTree = "<group>"; };
		E28AA1432AC04FB5009A2354 /* AdminModel.swift */ = {isa = PBXFileReference; lastKnownFileType = sourcecode.swift; path = AdminModel.swift; sourceTree = "<group>"; };
		E28AA1452AC0525D009A2354 /* AdminFormView.swift */ = {isa = PBXFileReference; lastKnownFileType = sourcecode.swift; path = AdminFormView.swift; sourceTree = "<group>"; };
		E28AA1482AC05775009A2354 /* AppointmentFormView.swift */ = {isa = PBXFileReference; lastKnownFileType = sourcecode.swift; path = AppointmentFormView.swift; sourceTree = "<group>"; };
		E29812632AB6B4B400117451 /* FormTextFieldView.swift */ = {isa = PBXFileReference; lastKnownFileType = sourcecode.swift; path = FormTextFieldView.swift; sourceTree = "<group>"; };
		E2A19A042AB7048C00474973 /* OrgAdminModel.swift */ = {isa = PBXFileReference; lastKnownFileType = sourcecode.swift; path = OrgAdminModel.swift; sourceTree = "<group>"; };
		E2A19A062AB70B8C00474973 /* UITEST.swift */ = {isa = PBXFileReference; lastKnownFileType = sourcecode.swift; path = UITEST.swift; sourceTree = "<group>"; };
		E2A19A082AB70F2400474973 /* OrgAdminFormView.swift */ = {isa = PBXFileReference; lastKnownFileType = sourcecode.swift; path = OrgAdminFormView.swift; sourceTree = "<group>"; };
		E2A9FE0B2AC9399F00A57641 /* PharmacyAdminListView.swift */ = {isa = PBXFileReference; lastKnownFileType = sourcecode.swift; path = PharmacyAdminListView.swift; sourceTree = "<group>"; };
		E2A9FE0D2AC94B2500A57641 /* DiagnosticCenterManager.swift */ = {isa = PBXFileReference; lastKnownFileType = sourcecode.swift; path = DiagnosticCenterManager.swift; sourceTree = "<group>"; };
		E2A9FE0F2AC94BB200A57641 /* InvestigationModel.swift */ = {isa = PBXFileReference; lastKnownFileType = sourcecode.swift; path = InvestigationModel.swift; sourceTree = "<group>"; };
		E2A9FE112AC94DB500A57641 /* DiagnosticStaffView.swift */ = {isa = PBXFileReference; lastKnownFileType = sourcecode.swift; path = DiagnosticStaffView.swift; sourceTree = "<group>"; };
		E2C7D0192ABAC6FA009F3288 /* SideMenuView.swift */ = {isa = PBXFileReference; lastKnownFileType = sourcecode.swift; path = SideMenuView.swift; sourceTree = "<group>"; };
		E2D71DB52AC12F61006FEDC2 /* DoctorFormView.swift */ = {isa = PBXFileReference; lastKnownFileType = sourcecode.swift; path = DoctorFormView.swift; sourceTree = "<group>"; };
		E2D71DB72AC14121006FEDC2 /* AddInvestigationForm.swift */ = {isa = PBXFileReference; lastKnownFileType = sourcecode.swift; path = AddInvestigationForm.swift; sourceTree = "<group>"; };
		E2D71DB92AC1437D006FEDC2 /* BookInvestigationForm.swift */ = {isa = PBXFileReference; lastKnownFileType = sourcecode.swift; path = BookInvestigationForm.swift; sourceTree = "<group>"; };
		E2D71DBB2AC186F6006FEDC2 /* InvestigationInvoiceView.swift */ = {isa = PBXFileReference; lastKnownFileType = sourcecode.swift; path = InvestigationInvoiceView.swift; sourceTree = "<group>"; };
		E2E6DF602AB172C900707BEE /* CellView.swift */ = {isa = PBXFileReference; lastKnownFileType = sourcecode.swift; path = CellView.swift; sourceTree = "<group>"; };
		E2E6DF6A2AB19F4D00707BEE /* OrganizationDetailView.swift */ = {isa = PBXFileReference; lastKnownFileType = sourcecode.swift; path = OrganizationDetailView.swift; sourceTree = "<group>"; };
		E2E6DF6C2AB1BC5300707BEE /* OrganizationFormView.swift */ = {isa = PBXFileReference; lastKnownFileType = sourcecode.swift; path = OrganizationFormView.swift; sourceTree = "<group>"; };
		E2E9AA492AB8433300BC3969 /* LoginService.swift */ = {isa = PBXFileReference; lastKnownFileType = sourcecode.swift; path = LoginService.swift; sourceTree = "<group>"; };
/* End PBXFileReference section */

/* Begin PBXFrameworksBuildPhase section */
		E2825B6E2AB027A7006EF669 /* Frameworks */ = {
			isa = PBXFrameworksBuildPhase;
			buildActionMask = 2147483647;
			files = (
			);
			runOnlyForDeploymentPostprocessing = 0;
		};
/* End PBXFrameworksBuildPhase section */

/* Begin PBXGroup section */
		E23621402AC0001C0047B2BC /* Organization Screens */ = {
			isa = PBXGroup;
			children = (
				E2E6DF6A2AB19F4D00707BEE /* OrganizationDetailView.swift */,
			);
			path = "Organization Screens";
			sourceTree = "<group>";
		};
		E245C8522AC404EF00B22CDE /*  Invoice Views */ = {
			isa = PBXGroup;
			children = (
				E2D71DBB2AC186F6006FEDC2 /* InvestigationInvoiceView.swift */,
				E245C8532AC4051800B22CDE /* DrugInvoiceView.swift */,
			);
			path = " Invoice Views";
			sourceTree = "<group>";
		};
		E2825B682AB027A7006EF669 = {
			isa = PBXGroup;
			children = (
				E2825B732AB027A7006EF669 /* CareInvoice */,
				E2825B722AB027A7006EF669 /* Products */,
			);
			sourceTree = "<group>";
		};
		E2825B722AB027A7006EF669 /* Products */ = {
			isa = PBXGroup;
			children = (
				E2825B712AB027A7006EF669 /* CareInvoice.app */,
			);
			name = Products;
			sourceTree = "<group>";
		};
		E2825B732AB027A7006EF669 /* CareInvoice */ = {
			isa = PBXGroup;
			children = (
				E2825B8F2AB07323006EF669 /* Network */,
				E2825B8C2AB06548006EF669 /* Model */,
				E2825B8B2AB03259006EF669 /* Info.plist */,
				E2825B882AB03124006EF669 /* Fonts */,
				E2825B832AB029E1006EF669 /* View */,
				E2825B822AB029D0006EF669 /* App */,
				E2825B782AB027A8006EF669 /* Assets.xcassets */,
				E2825B7A2AB027A8006EF669 /* Preview Content */,
				E2825B922AB07965006EF669 /* Constants.swift */,
			);
			path = CareInvoice;
			sourceTree = "<group>";
		};
		E2825B7A2AB027A8006EF669 /* Preview Content */ = {
			isa = PBXGroup;
			children = (
				E2825B7B2AB027A8006EF669 /* Preview Assets.xcassets */,
			);
			path = "Preview Content";
			sourceTree = "<group>";
		};
		E2825B822AB029D0006EF669 /* App */ = {
			isa = PBXGroup;
			children = (
				E2825B742AB027A7006EF669 /* CareInvoiceApp.swift */,
				E2825B762AB027A7006EF669 /* ContentView.swift */,
				E23621412AC000B40047B2BC /* HospitalStaffView.swift */,
				E2825B842AB02A64006EF669 /* SuperAdminHomeView.swift */,
				E2825B862AB02A8A006EF669 /* OnboardingView.swift */,
				E23621402AC0001C0047B2BC /* Organization Screens */,
				E28AA1312AC02BF4009A2354 /* SpecialityDetailView.swift */,
				E27736A22AC2E5FB009BC7CB /* PharmacyStaffView.swift */,
				E27736AC2AC2F8CA009BC7CB /* DrugDetailView.swift */,
				E245C84E2AC3EB3D00B22CDE /* DrugBillForm.swift */,
				E2A9FE112AC94DB500A57641 /* DiagnosticStaffView.swift */,
			);
			path = App;
			sourceTree = "<group>";
		};
		E2825B832AB029E1006EF669 /* View */ = {
			isa = PBXGroup;
			children = (
				E28AA1472AC05726009A2354 /* Forms */,
				E28AA1352AC03683009A2354 /* List Cells */,
				E28AA1362AC036E6009A2354 /* List Views */,
				E29812632AB6B4B400117451 /* FormTextFieldView.swift */,
				E2A19A062AB70B8C00474973 /* UITEST.swift */,
				E2C7D0192ABAC6FA009F3288 /* SideMenuView.swift */,
				E28AA12F2AC01633009A2354 /* RevenueView.swift */,
				E245C8522AC404EF00B22CDE /*  Invoice Views */,
			);
			path = View;
			sourceTree = "<group>";
		};
		E2825B882AB03124006EF669 /* Fonts */ = {
			isa = PBXGroup;
			children = (
				E2825B892AB03224006EF669 /* Cairo-Regular.ttf */,
			);
			path = Fonts;
			sourceTree = "<group>";
		};
		E2825B8C2AB06548006EF669 /* Model */ = {
			isa = PBXGroup;
			children = (
				E2825B8D2AB0657C006EF669 /* OrganizationModel.swift */,
				E2A19A042AB7048C00474973 /* OrgAdminModel.swift */,
				E28AA1292AC0079C009A2354 /* SpecialityListModel.swift */,
				E28AA1332AC02E4E009A2354 /* SpecialityDetailModel.swift */,
				E28AA13F2AC04630009A2354 /* ServiceModel.swift */,
				E28AA1432AC04FB5009A2354 /* AdminModel.swift */,
				E27736A42AC2E886009BC7CB /* DrugModel.swift */,
				E245C8552AC406BF00B22CDE /* InvestigationInvoiceModel.swift */,
				E245C8572AC4073800B22CDE /* DrugInvoiceModel.swift */,
				E2A9FE0F2AC94BB200A57641 /* InvestigationModel.swift */,
			);
			path = Model;
			sourceTree = "<group>";
		};
		E2825B8F2AB07323006EF669 /* Network */ = {
			isa = PBXGroup;
			children = (
				E24FBC432AB2CEA900E661B0 /* OrganizationManager.swift */,
				E2E9AA492AB8433300BC3969 /* LoginService.swift */,
				E28AA12B2AC00D0B009A2354 /* HospitalManager.swift */,
				E27736A62AC2E9C6009BC7CB /* PharmacyManager.swift */,
				E2A9FE0D2AC94B2500A57641 /* DiagnosticCenterManager.swift */,
			);
			path = Network;
			sourceTree = "<group>";
		};
		E28AA1352AC03683009A2354 /* List Cells */ = {
			isa = PBXGroup;
			children = (
				E23621432AC004B70047B2BC /* SpecialityCell.swift */,
				E2E6DF602AB172C900707BEE /* CellView.swift */,
				E28AA1392AC03A16009A2354 /* DoctorCell.swift */,
				E28AA13D2AC04559009A2354 /* InvestigationCell.swift */,
				E27736AA2AC2EF76009BC7CB /* DrugCell.swift */,
				E245C8502AC3FDFE00B22CDE /* SearchedDrugCell.swift */,
				E245C85B2AC44D5600B22CDE /* InvoiceCell.swift */,
			);
			path = "List Cells";
			sourceTree = "<group>";
		};
		E28AA1362AC036E6009A2354 /* List Views */ = {
			isa = PBXGroup;
			children = (
				E28AA12D2AC00D73009A2354 /* SpecialityListView.swift */,
				E21D88782AB9B9CA0068669E /* OrgAdminListView.swift */,
				E24FBC452AB2D11800E661B0 /* OrgListView.swift */,
				E28AA1372AC037BF009A2354 /* DoctorListView.swift */,
				E28AA13B2AC04517009A2354 /* InvestigationListView.swift */,
				E28AA1412AC04E0E009A2354 /* AdminListView.swift */,
				E27736A82AC2EC8A009BC7CB /* DrugListView.swift */,
				E245C8592AC43BA400B22CDE /* PharmacyInvoiceList.swift */,
				E2A9FE0B2AC9399F00A57641 /* PharmacyAdminListView.swift */,
			);
			path = "List Views";
			sourceTree = "<group>";
		};
		E28AA1472AC05726009A2354 /* Forms */ = {
			isa = PBXGroup;
			children = (
				E2E6DF6C2AB1BC5300707BEE /* OrganizationFormView.swift */,
				E28AA1452AC0525D009A2354 /* AdminFormView.swift */,
				E2A19A082AB70F2400474973 /* OrgAdminFormView.swift */,
				E28AA1482AC05775009A2354 /* AppointmentFormView.swift */,
				E2D71DB52AC12F61006FEDC2 /* DoctorFormView.swift */,
				E2D71DB72AC14121006FEDC2 /* AddInvestigationForm.swift */,
				E2D71DB92AC1437D006FEDC2 /* BookInvestigationForm.swift */,
			);
			path = Forms;
			sourceTree = "<group>";
		};
/* End PBXGroup section */

/* Begin PBXNativeTarget section */
		E2825B702AB027A7006EF669 /* CareInvoice */ = {
			isa = PBXNativeTarget;
			buildConfigurationList = E2825B7F2AB027A8006EF669 /* Build configuration list for PBXNativeTarget "CareInvoice" */;
			buildPhases = (
				E2825B6D2AB027A7006EF669 /* Sources */,
				E2825B6E2AB027A7006EF669 /* Frameworks */,
				E2825B6F2AB027A7006EF669 /* Resources */,
			);
			buildRules = (
			);
			dependencies = (
			);
			name = CareInvoice;
			productName = CareInvoice;
			productReference = E2825B712AB027A7006EF669 /* CareInvoice.app */;
			productType = "com.apple.product-type.application";
		};
/* End PBXNativeTarget section */

/* Begin PBXProject section */
		E2825B692AB027A7006EF669 /* Project object */ = {
			isa = PBXProject;
			attributes = {
				BuildIndependentTargetsInParallel = 1;
				LastSwiftUpdateCheck = 1430;
				LastUpgradeCheck = 1430;
				TargetAttributes = {
					E2825B702AB027A7006EF669 = {
						CreatedOnToolsVersion = 14.3.1;
					};
				};
			};
			buildConfigurationList = E2825B6C2AB027A7006EF669 /* Build configuration list for PBXProject "CareInvoice" */;
			compatibilityVersion = "Xcode 14.0";
			developmentRegion = en;
			hasScannedForEncodings = 0;
			knownRegions = (
				en,
				Base,
			);
			mainGroup = E2825B682AB027A7006EF669;
			productRefGroup = E2825B722AB027A7006EF669 /* Products */;
			projectDirPath = "";
			projectRoot = "";
			targets = (
				E2825B702AB027A7006EF669 /* CareInvoice */,
			);
		};
/* End PBXProject section */

/* Begin PBXResourcesBuildPhase section */
		E2825B6F2AB027A7006EF669 /* Resources */ = {
			isa = PBXResourcesBuildPhase;
			buildActionMask = 2147483647;
			files = (
				E2825B8A2AB03224006EF669 /* Cairo-Regular.ttf in Resources */,
				E2825B7C2AB027A8006EF669 /* Preview Assets.xcassets in Resources */,
				E2825B792AB027A8006EF669 /* Assets.xcassets in Resources */,
			);
			runOnlyForDeploymentPostprocessing = 0;
		};
/* End PBXResourcesBuildPhase section */

/* Begin PBXSourcesBuildPhase section */
		E2825B6D2AB027A7006EF669 /* Sources */ = {
			isa = PBXSourcesBuildPhase;
			buildActionMask = 2147483647;
			files = (
				E2A9FE102AC94BB200A57641 /* InvestigationModel.swift in Sources */,
				E23621442AC004B70047B2BC /* SpecialityCell.swift in Sources */,
				E27736AD2AC2F8CA009BC7CB /* DrugDetailView.swift in Sources */,
				E2D71DB62AC12F61006FEDC2 /* DoctorFormView.swift in Sources */,
				E28AA1302AC01633009A2354 /* RevenueView.swift in Sources */,
				E2E6DF6B2AB19F4D00707BEE /* OrganizationDetailView.swift in Sources */,
				E28AA1382AC037BF009A2354 /* DoctorListView.swift in Sources */,
				E2825B772AB027A7006EF669 /* ContentView.swift in Sources */,
				E2C7D01A2ABAC6FA009F3288 /* SideMenuView.swift in Sources */,
				E2E6DF612AB172C900707BEE /* CellView.swift in Sources */,
				E245C84F2AC3EB3D00B22CDE /* DrugBillForm.swift in Sources */,
				E245C85A2AC43BA400B22CDE /* PharmacyInvoiceList.swift in Sources */,
				E24FBC462AB2D11800E661B0 /* OrgListView.swift in Sources */,
				E23621422AC000B40047B2BC /* HospitalStaffView.swift in Sources */,
				E27736A92AC2EC8A009BC7CB /* DrugListView.swift in Sources */,
				E2D71DB82AC14121006FEDC2 /* AddInvestigationForm.swift in Sources */,
				E245C8582AC4073800B22CDE /* DrugInvoiceModel.swift in Sources */,
				E2A9FE122AC94DB500A57641 /* DiagnosticStaffView.swift in Sources */,
				E2A9FE0E2AC94B2500A57641 /* DiagnosticCenterManager.swift in Sources */,
				E2A19A092AB70F2400474973 /* OrgAdminFormView.swift in Sources */,
				E245C8542AC4051800B22CDE /* DrugInvoiceView.swift in Sources */,
				E21D88792AB9B9CA0068669E /* OrgAdminListView.swift in Sources */,
				E245C85C2AC44D5600B22CDE /* InvoiceCell.swift in Sources */,
				E27736A32AC2E5FB009BC7CB /* PharmacyStaffView.swift in Sources */,
				E28AA1462AC0525D009A2354 /* AdminFormView.swift in Sources */,
				E245C8512AC3FDFE00B22CDE /* SearchedDrugCell.swift in Sources */,
				E2D71DBC2AC186F6006FEDC2 /* InvestigationInvoiceView.swift in Sources */,
				E2825B8E2AB0657C006EF669 /* OrganizationModel.swift in Sources */,
				E2D71DBA2AC1437D006FEDC2 /* BookInvestigationForm.swift in Sources */,
				E28AA1442AC04FB5009A2354 /* AdminModel.swift in Sources */,
				E2A19A072AB70B8C00474973 /* UITEST.swift in Sources */,
				E28AA1322AC02BF4009A2354 /* SpecialityDetailView.swift in Sources */,
				E28AA1422AC04E0E009A2354 /* AdminListView.swift in Sources */,
				E28AA13E2AC04559009A2354 /* InvestigationCell.swift in Sources */,
				E28AA12C2AC00D0B009A2354 /* HospitalManager.swift in Sources */,
				E2A19A052AB7048C00474973 /* OrgAdminModel.swift in Sources */,
				E27736AB2AC2EF76009BC7CB /* DrugCell.swift in Sources */,
				E24FBC442AB2CEA900E661B0 /* OrganizationManager.swift in Sources */,
				E2825B872AB02A8A006EF669 /* OnboardingView.swift in Sources */,
				E28AA13C2AC04517009A2354 /* InvestigationListView.swift in Sources */,
				E28AA12A2AC0079C009A2354 /* SpecialityListModel.swift in Sources */,
				E2E6DF6D2AB1BC5300707BEE /* OrganizationFormView.swift in Sources */,
				E2A9FE0C2AC9399F00A57641 /* PharmacyAdminListView.swift in Sources */,
				E28AA1402AC04630009A2354 /* ServiceModel.swift in Sources */,
				E28AA1342AC02E4E009A2354 /* SpecialityDetailModel.swift in Sources */,
				E245C8562AC406BF00B22CDE /* InvestigationInvoiceModel.swift in Sources */,
				E2E9AA4A2AB8433300BC3969 /* LoginService.swift in Sources */,
				E27736A52AC2E886009BC7CB /* DrugModel.swift in Sources */,
				E28AA13A2AC03A16009A2354 /* DoctorCell.swift in Sources */,
				E2825B932AB07965006EF669 /* Constants.swift in Sources */,
				E2825B752AB027A7006EF669 /* CareInvoiceApp.swift in Sources */,
				E28AA12E2AC00D73009A2354 /* SpecialityListView.swift in Sources */,
				E29812642AB6B4B400117451 /* FormTextFieldView.swift in Sources */,
				E28AA1492AC05775009A2354 /* AppointmentFormView.swift in Sources */,
				E2825B852AB02A64006EF669 /* SuperAdminHomeView.swift in Sources */,
				E27736A72AC2E9C6009BC7CB /* PharmacyManager.swift in Sources */,
			);
			runOnlyForDeploymentPostprocessing = 0;
		};
/* End PBXSourcesBuildPhase section */

/* Begin XCBuildConfiguration section */
		E2825B7D2AB027A8006EF669 /* Debug */ = {
			isa = XCBuildConfiguration;
			buildSettings = {
				ALWAYS_SEARCH_USER_PATHS = NO;
				CLANG_ANALYZER_NONNULL = YES;
				CLANG_ANALYZER_NUMBER_OBJECT_CONVERSION = YES_AGGRESSIVE;
				CLANG_CXX_LANGUAGE_STANDARD = "gnu++20";
				CLANG_ENABLE_MODULES = YES;
				CLANG_ENABLE_OBJC_ARC = YES;
				CLANG_ENABLE_OBJC_WEAK = YES;
				CLANG_WARN_BLOCK_CAPTURE_AUTORELEASING = YES;
				CLANG_WARN_BOOL_CONVERSION = YES;
				CLANG_WARN_COMMA = YES;
				CLANG_WARN_CONSTANT_CONVERSION = YES;
				CLANG_WARN_DEPRECATED_OBJC_IMPLEMENTATIONS = YES;
				CLANG_WARN_DIRECT_OBJC_ISA_USAGE = YES_ERROR;
				CLANG_WARN_DOCUMENTATION_COMMENTS = YES;
				CLANG_WARN_EMPTY_BODY = YES;
				CLANG_WARN_ENUM_CONVERSION = YES;
				CLANG_WARN_INFINITE_RECURSION = YES;
				CLANG_WARN_INT_CONVERSION = YES;
				CLANG_WARN_NON_LITERAL_NULL_CONVERSION = YES;
				CLANG_WARN_OBJC_IMPLICIT_RETAIN_SELF = YES;
				CLANG_WARN_OBJC_LITERAL_CONVERSION = YES;
				CLANG_WARN_OBJC_ROOT_CLASS = YES_ERROR;
				CLANG_WARN_QUOTED_INCLUDE_IN_FRAMEWORK_HEADER = YES;
				CLANG_WARN_RANGE_LOOP_ANALYSIS = YES;
				CLANG_WARN_STRICT_PROTOTYPES = YES;
				CLANG_WARN_SUSPICIOUS_MOVE = YES;
				CLANG_WARN_UNGUARDED_AVAILABILITY = YES_AGGRESSIVE;
				CLANG_WARN_UNREACHABLE_CODE = YES;
				CLANG_WARN__DUPLICATE_METHOD_MATCH = YES;
				COPY_PHASE_STRIP = NO;
				DEBUG_INFORMATION_FORMAT = dwarf;
				ENABLE_STRICT_OBJC_MSGSEND = YES;
				ENABLE_TESTABILITY = YES;
				GCC_C_LANGUAGE_STANDARD = gnu11;
				GCC_DYNAMIC_NO_PIC = NO;
				GCC_NO_COMMON_BLOCKS = YES;
				GCC_OPTIMIZATION_LEVEL = 0;
				GCC_PREPROCESSOR_DEFINITIONS = (
					"DEBUG=1",
					"$(inherited)",
				);
				GCC_WARN_64_TO_32_BIT_CONVERSION = YES;
				GCC_WARN_ABOUT_RETURN_TYPE = YES_ERROR;
				GCC_WARN_UNDECLARED_SELECTOR = YES;
				GCC_WARN_UNINITIALIZED_AUTOS = YES_AGGRESSIVE;
				GCC_WARN_UNUSED_FUNCTION = YES;
				GCC_WARN_UNUSED_VARIABLE = YES;
				IPHONEOS_DEPLOYMENT_TARGET = 16.4;
				MTL_ENABLE_DEBUG_INFO = INCLUDE_SOURCE;
				MTL_FAST_MATH = YES;
				ONLY_ACTIVE_ARCH = YES;
				SDKROOT = iphoneos;
				SWIFT_ACTIVE_COMPILATION_CONDITIONS = DEBUG;
				SWIFT_OPTIMIZATION_LEVEL = "-Onone";
			};
			name = Debug;
		};
		E2825B7E2AB027A8006EF669 /* Release */ = {
			isa = XCBuildConfiguration;
			buildSettings = {
				ALWAYS_SEARCH_USER_PATHS = NO;
				CLANG_ANALYZER_NONNULL = YES;
				CLANG_ANALYZER_NUMBER_OBJECT_CONVERSION = YES_AGGRESSIVE;
				CLANG_CXX_LANGUAGE_STANDARD = "gnu++20";
				CLANG_ENABLE_MODULES = YES;
				CLANG_ENABLE_OBJC_ARC = YES;
				CLANG_ENABLE_OBJC_WEAK = YES;
				CLANG_WARN_BLOCK_CAPTURE_AUTORELEASING = YES;
				CLANG_WARN_BOOL_CONVERSION = YES;
				CLANG_WARN_COMMA = YES;
				CLANG_WARN_CONSTANT_CONVERSION = YES;
				CLANG_WARN_DEPRECATED_OBJC_IMPLEMENTATIONS = YES;
				CLANG_WARN_DIRECT_OBJC_ISA_USAGE = YES_ERROR;
				CLANG_WARN_DOCUMENTATION_COMMENTS = YES;
				CLANG_WARN_EMPTY_BODY = YES;
				CLANG_WARN_ENUM_CONVERSION = YES;
				CLANG_WARN_INFINITE_RECURSION = YES;
				CLANG_WARN_INT_CONVERSION = YES;
				CLANG_WARN_NON_LITERAL_NULL_CONVERSION = YES;
				CLANG_WARN_OBJC_IMPLICIT_RETAIN_SELF = YES;
				CLANG_WARN_OBJC_LITERAL_CONVERSION = YES;
				CLANG_WARN_OBJC_ROOT_CLASS = YES_ERROR;
				CLANG_WARN_QUOTED_INCLUDE_IN_FRAMEWORK_HEADER = YES;
				CLANG_WARN_RANGE_LOOP_ANALYSIS = YES;
				CLANG_WARN_STRICT_PROTOTYPES = YES;
				CLANG_WARN_SUSPICIOUS_MOVE = YES;
				CLANG_WARN_UNGUARDED_AVAILABILITY = YES_AGGRESSIVE;
				CLANG_WARN_UNREACHABLE_CODE = YES;
				CLANG_WARN__DUPLICATE_METHOD_MATCH = YES;
				COPY_PHASE_STRIP = NO;
				DEBUG_INFORMATION_FORMAT = "dwarf-with-dsym";
				ENABLE_NS_ASSERTIONS = NO;
				ENABLE_STRICT_OBJC_MSGSEND = YES;
				GCC_C_LANGUAGE_STANDARD = gnu11;
				GCC_NO_COMMON_BLOCKS = YES;
				GCC_WARN_64_TO_32_BIT_CONVERSION = YES;
				GCC_WARN_ABOUT_RETURN_TYPE = YES_ERROR;
				GCC_WARN_UNDECLARED_SELECTOR = YES;
				GCC_WARN_UNINITIALIZED_AUTOS = YES_AGGRESSIVE;
				GCC_WARN_UNUSED_FUNCTION = YES;
				GCC_WARN_UNUSED_VARIABLE = YES;
				IPHONEOS_DEPLOYMENT_TARGET = 16.4;
				MTL_ENABLE_DEBUG_INFO = NO;
				MTL_FAST_MATH = YES;
				SDKROOT = iphoneos;
				SWIFT_COMPILATION_MODE = wholemodule;
				SWIFT_OPTIMIZATION_LEVEL = "-O";
				VALIDATE_PRODUCT = YES;
			};
			name = Release;
		};
		E2825B802AB027A8006EF669 /* Debug */ = {
			isa = XCBuildConfiguration;
			buildSettings = {
				ASSETCATALOG_COMPILER_APPICON_NAME = AppIcon;
				ASSETCATALOG_COMPILER_GLOBAL_ACCENT_COLOR_NAME = AccentColor;
				CODE_SIGN_STYLE = Automatic;
				CURRENT_PROJECT_VERSION = 1;
				DEVELOPMENT_ASSET_PATHS = "\"CareInvoice/Preview Content\"";
				DEVELOPMENT_TEAM = 9T59MLF6NH;
				ENABLE_PREVIEWS = YES;
				GENERATE_INFOPLIST_FILE = YES;
				INFOPLIST_FILE = CareInvoice/Info.plist;
				INFOPLIST_KEY_LSSupportsOpeningDocumentsInPlace = YES;
				INFOPLIST_KEY_UIApplicationSceneManifest_Generation = YES;
				INFOPLIST_KEY_UIApplicationSupportsIndirectInputEvents = YES;
				INFOPLIST_KEY_UILaunchScreen_Generation = YES;
				INFOPLIST_KEY_UISupportedInterfaceOrientations_iPad = "UIInterfaceOrientationPortrait UIInterfaceOrientationPortraitUpsideDown UIInterfaceOrientationLandscapeLeft UIInterfaceOrientationLandscapeRight";
				INFOPLIST_KEY_UISupportedInterfaceOrientations_iPhone = "UIInterfaceOrientationPortrait UIInterfaceOrientationLandscapeLeft UIInterfaceOrientationLandscapeRight";
				LD_RUNPATH_SEARCH_PATHS = (
					"$(inherited)",
					"@executable_path/Frameworks",
				);
				MARKETING_VERSION = 1.0;
				PRODUCT_BUNDLE_IDENTIFIER = com.sqh.CareInvoice;
				PRODUCT_NAME = "$(TARGET_NAME)";
				SWIFT_EMIT_LOC_STRINGS = YES;
				SWIFT_VERSION = 5.0;
				TARGETED_DEVICE_FAMILY = "1,2";
			};
			name = Debug;
		};
		E2825B812AB027A8006EF669 /* Release */ = {
			isa = XCBuildConfiguration;
			buildSettings = {
				ASSETCATALOG_COMPILER_APPICON_NAME = AppIcon;
				ASSETCATALOG_COMPILER_GLOBAL_ACCENT_COLOR_NAME = AccentColor;
				CODE_SIGN_STYLE = Automatic;
				CURRENT_PROJECT_VERSION = 1;
				DEVELOPMENT_ASSET_PATHS = "\"CareInvoice/Preview Content\"";
				DEVELOPMENT_TEAM = 9T59MLF6NH;
				ENABLE_PREVIEWS = YES;
				GENERATE_INFOPLIST_FILE = YES;
				INFOPLIST_FILE = CareInvoice/Info.plist;
				INFOPLIST_KEY_LSSupportsOpeningDocumentsInPlace = YES;
				INFOPLIST_KEY_UIApplicationSceneManifest_Generation = YES;
				INFOPLIST_KEY_UIApplicationSupportsIndirectInputEvents = YES;
				INFOPLIST_KEY_UILaunchScreen_Generation = YES;
				INFOPLIST_KEY_UISupportedInterfaceOrientations_iPad = "UIInterfaceOrientationPortrait UIInterfaceOrientationPortraitUpsideDown UIInterfaceOrientationLandscapeLeft UIInterfaceOrientationLandscapeRight";
				INFOPLIST_KEY_UISupportedInterfaceOrientations_iPhone = "UIInterfaceOrientationPortrait UIInterfaceOrientationLandscapeLeft UIInterfaceOrientationLandscapeRight";
				LD_RUNPATH_SEARCH_PATHS = (
					"$(inherited)",
					"@executable_path/Frameworks",
				);
				MARKETING_VERSION = 1.0;
				PRODUCT_BUNDLE_IDENTIFIER = com.sqh.CareInvoice;
				PRODUCT_NAME = "$(TARGET_NAME)";
				SWIFT_EMIT_LOC_STRINGS = YES;
				SWIFT_VERSION = 5.0;
				TARGETED_DEVICE_FAMILY = "1,2";
			};
			name = Release;
		};
/* End XCBuildConfiguration section */

/* Begin XCConfigurationList section */
		E2825B6C2AB027A7006EF669 /* Build configuration list for PBXProject "CareInvoice" */ = {
			isa = XCConfigurationList;
			buildConfigurations = (
				E2825B7D2AB027A8006EF669 /* Debug */,
				E2825B7E2AB027A8006EF669 /* Release */,
			);
			defaultConfigurationIsVisible = 0;
			defaultConfigurationName = Release;
		};
		E2825B7F2AB027A8006EF669 /* Build configuration list for PBXNativeTarget "CareInvoice" */ = {
			isa = XCConfigurationList;
			buildConfigurations = (
				E2825B802AB027A8006EF669 /* Debug */,
				E2825B812AB027A8006EF669 /* Release */,
			);
			defaultConfigurationIsVisible = 0;
			defaultConfigurationName = Release;
		};
/* End XCConfigurationList section */
	};
	rootObject = E2825B692AB027A7006EF669 /* Project object */;
}
